
Microsoft Visual Studio Solution File, Format Version 12.00
# Visual Studio 15
VisualStudioVersion = 15.0.26430.6
MinimumVisualStudioVersion = 10.0.40219.1
Project("{E24C65DC-7377-472B-9ABA-BC803B73C61A}") = "Project", ".", "{2ADFEF6A-FD06-44FD-A1ED-696449CFB8C6}"
	ProjectSection(WebsiteProperties) = preProject
		TargetFrameworkMoniker = ".NETFramework,Version%3Dv4.5.2"
		Debug.AspNetCompiler.VirtualPath = "/localhost_58503"
		Debug.AspNetCompiler.PhysicalPath = "..\Project\"
		Debug.AspNetCompiler.TargetPath = "PrecompiledWeb\localhost_58503\"
		Debug.AspNetCompiler.Updateable = "true"
		Debug.AspNetCompiler.ForceOverwrite = "true"
		Debug.AspNetCompiler.FixedNames = "false"
		Debug.AspNetCompiler.Debug = "True"
		Release.AspNetCompiler.VirtualPath = "/localhost_58503"
		Release.AspNetCompiler.PhysicalPath = "..\Project\"
		Release.AspNetCompiler.TargetPath = "PrecompiledWeb\localhost_58503\"
		Release.AspNetCompiler.Updateable = "true"
		Release.AspNetCompiler.ForceOverwrite = "true"
		Release.AspNetCompiler.FixedNames = "false"
		Release.AspNetCompiler.Debug = "False"
		VWDPort = "58503"
		SlnRelativePath = "..\Project\"
	EndProjectSection
EndProject
Project("{E24C65DC-7377-472B-9ABA-BC803B73C61A}") = "allinput", "..\allinput\", "{F91A902C-0193-406C-A759-5355FBCCA375}"
	ProjectSection(WebsiteProperties) = preProject
		TargetFrameworkMoniker = ".NETFramework,Version%3Dv4.5.2"
		Debug.AspNetCompiler.VirtualPath = "/localhost_49714"
		Debug.AspNetCompiler.PhysicalPath = "..\allinput\"
		Debug.AspNetCompiler.TargetPath = "PrecompiledWeb\localhost_49714\"
		Debug.AspNetCompiler.Updateable = "true"
		Debug.AspNetCompiler.ForceOverwrite = "true"
		Debug.AspNetCompiler.FixedNames = "false"
		Debug.AspNetCompiler.Debug = "True"
		Release.AspNetCompiler.VirtualPath = "/localhost_49714"
		Release.AspNetCompiler.PhysicalPath = "..\allinput\"
		Release.AspNetCompiler.TargetPath = "PrecompiledWeb\localhost_49714\"
		Release.AspNetCompiler.Updateable = "true"
		Release.AspNetCompiler.ForceOverwrite = "true"
		Release.AspNetCompiler.FixedNames = "false"
		Release.AspNetCompiler.Debug = "False"
		VWDPort = "49714"
		SlnRelativePath = "..\allinput\"
		DefaultWebSiteLanguage = "Visual C#"
	EndProjectSection
EndProject
Global
	GlobalSection(SolutionConfigurationPlatforms) = preSolution
		Debug|Any CPU = Debug|Any CPU
	EndGlobalSection
	GlobalSection(ProjectConfigurationPlatforms) = postSolution
		{2ADFEF6A-FD06-44FD-A1ED-696449CFB8C6}.Debug|Any CPU.ActiveCfg = Debug|Any CPU
		{2ADFEF6A-FD06-44FD-A1ED-696449CFB8C6}.Debug|Any CPU.Build.0 = Debug|Any CPU
		{F91A902C-0193-406C-A759-5355FBCCA375}.Debug|Any CPU.ActiveCfg = Debug|Any CPU
		{F91A902C-0193-406C-A759-5355FBCCA375}.Debug|Any CPU.Build.0 = Debug|Any CPU
	EndGlobalSection
	GlobalSection(SolutionProperties) = preSolution
		HideSolutionNode = FALSE
	EndGlobalSection
EndGlobal
